# THIS IS AN AUTOGENERATED FILE. DO NOT EDIT THIS FILE DIRECTLY.
# yarn lockfile v1


ignite-andross@^4.0.0-alpha.2:
  version "4.0.0-alpha.2"
  resolved "https://registry.yarnpkg.com/ignite-andross/-/ignite-andross-4.0.0-alpha.2.tgz#de88262101385c9c1eb27df8c3e2b691cbf725ca"
  integrity sha512-eAxN/gzeFpi/XEjxWlC5DqKhA0NsF3OxrwbS3stBleoELaSp/Ayd5/W/F9KbU8vMiUZwT4dfRtbXk+o8Lj2Acg==
  dependencies:
    ramda "^0.23.0"

ramda@^0.23.0:
  version "0.23.0"
  resolved "https://registry.yarnpkg.com/ramda/-/ramda-0.23.0.tgz#ccd13fff73497a93974e3e86327bfd87bd6e8e2b"
  integrity sha1-zNE//3NJepOXTj6GMnv9h71ujis=
